
Microsoft Visual Studio Solution File, Format Version 12.00
# Visual Studio Version 17
VisualStudioVersion = 17.4.33213.308
MinimumVisualStudioVersion = 10.0.40219.1
Project("{FAE04EC0-301F-11D3-BF4B-00C04F79EFBC}") = "27.02.23 dz", "27.02.23 dz\27.02.23 dz.csproj", "{A8215EAD-78A5-4C77-8C16-F6F166CC82E0}"
EndProject
Global
	GlobalSection(SolutionConfigurationPlatforms) = preSolution
		Debug|Any CPU = Debug|Any CPU
		Release|Any CPU = Release|Any CPU
	EndGlobalSection
	GlobalSection(ProjectConfigurationPlatforms) = postSolution
		{A8215EAD-78A5-4C77-8C16-F6F166CC82E0}.Debug|Any CPU.ActiveCfg = Debug|Any CPU
		{A8215EAD-78A5-4C77-8C16-F6F166CC82E0}.Debug|Any CPU.Build.0 = Debug|Any CPU
		{A8215EAD-78A5-4C77-8C16-F6F166CC82E0}.Release|Any CPU.ActiveCfg = Release|Any CPU
		{A8215EAD-78A5-4C77-8C16-F6F166CC82E0}.Release|Any CPU.Build.0 = Release|Any CPU
	EndGlobalSection
	GlobalSection(SolutionProperties) = preSolution
		HideSolutionNode = FALSE
	EndGlobalSection
	GlobalSection(ExtensibilityGlobals) = postSolution
		SolutionGuid = {56B9B518-F8A6-45B2-B815-55B927F45886}
	EndGlobalSection
EndGlobal
